
Microsoft Visual Studio Solution File, Format Version 12.00
# Visual Studio 15
Project("{2150E333-8FDC-42A3-9474-1A3956D46DE8}") = "LiteDB", "LiteDB", "{6529D691-A220-4064-BF97-0C12B34482A8}"
EndProject
Project("{FAE04EC0-301F-11D3-BF4B-00C04F79EFBC}") = "LiteDb.Common", "LiteDb\LiteDb.Common\LiteDb.Common.csproj", "{1FE6319B-C99E-4903-B53D-C7F70AF71200}"
EndProject
Project("{FAE04EC0-301F-11D3-BF4B-00C04F79EFBC}") = "LiteDb.Common.Test", "LiteDb\LiteDb.Common.Test\LiteDb.Common.Test.csproj", "{5BD6DE77-9506-4637-8903-542B7BC500C4}"
EndProject
Project("{2150E333-8FDC-42A3-9474-1A3956D46DE8}") = "Common", "Common", "{47EDD221-CF6C-4FE5-AA42-3B499C4AC771}"
EndProject
Project("{FAE04EC0-301F-11D3-BF4B-00C04F79EFBC}") = "Common", "Common\Common\Common.csproj", "{884D5BC3-040D-4C40-955E-9C18C6256151}"
EndProject
Project("{2150E333-8FDC-42A3-9474-1A3956D46DE8}") = "Xamarin.Droid", "Xamarin.Droid", "{0C9431B2-74C8-4EE2-8FDE-2110C42D7CEE}"
EndProject
Project("{FAE04EC0-301F-11D3-BF4B-00C04F79EFBC}") = "Xamarin.Droid", "Xamarin.Droid\Xamarin.Droid\Xamarin.Droid.csproj", "{662AF64D-E85A-43E4-9647-DF65855D8658}"
EndProject
Global
	GlobalSection(SolutionConfigurationPlatforms) = preSolution
		Debug|Any CPU = Debug|Any CPU
		Release|Any CPU = Release|Any CPU
	EndGlobalSection
	GlobalSection(ProjectConfigurationPlatforms) = postSolution
		{1FE6319B-C99E-4903-B53D-C7F70AF71200}.Debug|Any CPU.ActiveCfg = Debug|Any CPU
		{1FE6319B-C99E-4903-B53D-C7F70AF71200}.Debug|Any CPU.Build.0 = Debug|Any CPU
		{1FE6319B-C99E-4903-B53D-C7F70AF71200}.Release|Any CPU.ActiveCfg = Release|Any CPU
		{1FE6319B-C99E-4903-B53D-C7F70AF71200}.Release|Any CPU.Build.0 = Release|Any CPU
		{5BD6DE77-9506-4637-8903-542B7BC500C4}.Debug|Any CPU.ActiveCfg = Debug|Any CPU
		{5BD6DE77-9506-4637-8903-542B7BC500C4}.Debug|Any CPU.Build.0 = Debug|Any CPU
		{5BD6DE77-9506-4637-8903-542B7BC500C4}.Release|Any CPU.ActiveCfg = Release|Any CPU
		{5BD6DE77-9506-4637-8903-542B7BC500C4}.Release|Any CPU.Build.0 = Release|Any CPU
		{884D5BC3-040D-4C40-955E-9C18C6256151}.Debug|Any CPU.ActiveCfg = Debug|Any CPU
		{884D5BC3-040D-4C40-955E-9C18C6256151}.Debug|Any CPU.Build.0 = Debug|Any CPU
		{884D5BC3-040D-4C40-955E-9C18C6256151}.Release|Any CPU.ActiveCfg = Release|Any CPU
		{884D5BC3-040D-4C40-955E-9C18C6256151}.Release|Any CPU.Build.0 = Release|Any CPU
		{662AF64D-E85A-43E4-9647-DF65855D8658}.Debug|Any CPU.ActiveCfg = Debug|Any CPU
		{662AF64D-E85A-43E4-9647-DF65855D8658}.Debug|Any CPU.Build.0 = Debug|Any CPU
		{662AF64D-E85A-43E4-9647-DF65855D8658}.Release|Any CPU.ActiveCfg = Release|Any CPU
		{662AF64D-E85A-43E4-9647-DF65855D8658}.Release|Any CPU.Build.0 = Release|Any CPU
	EndGlobalSection
	GlobalSection(NestedProjects) = preSolution
		{1FE6319B-C99E-4903-B53D-C7F70AF71200} = {6529D691-A220-4064-BF97-0C12B34482A8}
		{5BD6DE77-9506-4637-8903-542B7BC500C4} = {6529D691-A220-4064-BF97-0C12B34482A8}
		{884D5BC3-040D-4C40-955E-9C18C6256151} = {47EDD221-CF6C-4FE5-AA42-3B499C4AC771}
		{662AF64D-E85A-43E4-9647-DF65855D8658} = {0C9431B2-74C8-4EE2-8FDE-2110C42D7CEE}
	EndGlobalSection
EndGlobal
