
Microsoft Visual Studio Solution File, Format Version 12.00
# Visual Studio 15
Project("{2150E333-8FDC-42A3-9474-1A3956D46DE8}") = "Common", "Common", "{810096FC-A2DD-43B1-A364-6454757A0BFD}"
EndProject
Project("{FAE04EC0-301F-11D3-BF4B-00C04F79EFBC}") = "Common", "Common\Common\Common.csproj", "{B430C819-47FF-483C-9AF4-3F5B92534AC3}"
EndProject
Global
	GlobalSection(SolutionConfigurationPlatforms) = preSolution
		Debug|Any CPU = Debug|Any CPU
		Release|Any CPU = Release|Any CPU
	EndGlobalSection
	GlobalSection(ProjectConfigurationPlatforms) = postSolution
		{B430C819-47FF-483C-9AF4-3F5B92534AC3}.Debug|Any CPU.ActiveCfg = Debug|Any CPU
		{B430C819-47FF-483C-9AF4-3F5B92534AC3}.Debug|Any CPU.Build.0 = Debug|Any CPU
		{B430C819-47FF-483C-9AF4-3F5B92534AC3}.Release|Any CPU.ActiveCfg = Release|Any CPU
		{B430C819-47FF-483C-9AF4-3F5B92534AC3}.Release|Any CPU.Build.0 = Release|Any CPU
	EndGlobalSection
	GlobalSection(NestedProjects) = preSolution
		{B430C819-47FF-483C-9AF4-3F5B92534AC3} = {810096FC-A2DD-43B1-A364-6454757A0BFD}
	EndGlobalSection
EndGlobal
